
Microsoft Visual Studio Solution File, Format Version 12.00
# Visual Studio 15
VisualStudioVersion = 15.0.26730.16
MinimumVisualStudioVersion = 10.0.40219.1
Project("{FAE04EC0-301F-11D3-BF4B-00C04F79EFBC}") = "FavList", "FavList\FavList.csproj", "{238CF18A-B2C6-46DA-8331-E147F61D6709}"
EndProject
Global
	GlobalSection(SolutionConfigurationPlatforms) = preSolution
		Debug|Any CPU = Debug|Any CPU
		Release|Any CPU = Release|Any CPU
	EndGlobalSection
	GlobalSection(ProjectConfigurationPlatforms) = postSolution
		{238CF18A-B2C6-46DA-8331-E147F61D6709}.Debug|Any CPU.ActiveCfg = Debug|Any CPU
		{238CF18A-B2C6-46DA-8331-E147F61D6709}.Debug|Any CPU.Build.0 = Debug|Any CPU
		{238CF18A-B2C6-46DA-8331-E147F61D6709}.Release|Any CPU.ActiveCfg = Release|Any CPU
		{238CF18A-B2C6-46DA-8331-E147F61D6709}.Release|Any CPU.Build.0 = Release|Any CPU
	EndGlobalSection
	GlobalSection(SolutionProperties) = preSolution
		HideSolutionNode = FALSE
	EndGlobalSection
	GlobalSection(ExtensibilityGlobals) = postSolution
		SolutionGuid = {3B95746C-9599-44BA-986C-1539E9CBEB54}
	EndGlobalSection
EndGlobal
